# THIS IS AN AUTOGENERATED FILE. DO NOT EDIT THIS FILE DIRECTLY.
# yarn lockfile v1
colors:
  version "1.1.2"
  resolved "https://registry.yarnpkg.com/colors/-/colors-1.1.2.tgz#168a4701756b6a7f51a12ce0c97bfa28c084ed63"

node-cmd:
  version "1.1.1"
  resolved "https://registry.yarnpkg.com/node-cmd/-/node-cmd-1.1.1.tgz#9c6159d36e6b35b59ec4ab40840d26ab14a9806d"

simple-git:
  version "1.62.0"
  resolved "https://registry.yarnpkg.com/simple-git/-/simple-git-1.62.0.tgz#87384d477d3c36ae0ddcca25a22f2b4f186561de"

