# THIS IS AN AUTOGENERATED FILE. DO NOT EDIT THIS FILE DIRECTLY.
# yarn lockfile v1
async@^2.1.2:
  version "2.1.2"
  resolved "https://registry.yarnpkg.com/async/-/async-2.1.2.tgz#612a4ab45ef42a70cde806bad86ee6db047e8385"
  dependencies:
    lodash "^4.14.0"

colors@^1.1.2:
  version "1.1.2"
  resolved "https://registry.yarnpkg.com/colors/-/colors-1.1.2.tgz#168a4701756b6a7f51a12ce0c97bfa28c084ed63"

lodash@^4.14.0:
  version "4.17.0"
  resolved "https://registry.yarnpkg.com/lodash/-/lodash-4.17.0.tgz#93f4466e5ab73e5a1f1216c34eea11535f0a8df5"

node-cmd@^1.1.1:
  version "1.1.1"
  resolved "https://registry.yarnpkg.com/node-cmd/-/node-cmd-1.1.1.tgz#9c6159d36e6b35b59ec4ab40840d26ab14a9806d"

node-emoji@^1.4.1:
  version "1.4.1"
  resolved "https://registry.yarnpkg.com/node-emoji/-/node-emoji-1.4.1.tgz#c9fa0cf91094335bcb967a6f42b2305c15af2ebc"
  dependencies:
    string.prototype.codepointat "^0.2.0"

simple-git@^1.62.0:
  version "1.62.0"
  resolved "https://registry.yarnpkg.com/simple-git/-/simple-git-1.62.0.tgz#87384d477d3c36ae0ddcca25a22f2b4f186561de"

string.prototype.codepointat@^0.2.0:
  version "0.2.0"
  resolved "https://registry.yarnpkg.com/string.prototype.codepointat/-/string.prototype.codepointat-0.2.0.tgz#6b26e9bd3afcaa7be3b4269b526de1b82000ac78"

